
Microsoft Visual Studio Solution File, Format Version 12.00
# Visual Studio Version 16
VisualStudioVersion = 16.0.31229.75
MinimumVisualStudioVersion = 10.0.40219.1
Project("{FAE04EC0-301F-11D3-BF4B-00C04F79EFBC}") = "CampApi", "CampApi\CampApi.csproj", "{D82DB8D9-255C-4DCC-93AF-38A84335A357}"
EndProject
Global
	GlobalSection(SolutionConfigurationPlatforms) = preSolution
		Debug|Any CPU = Debug|Any CPU
		Release|Any CPU = Release|Any CPU
	EndGlobalSection
	GlobalSection(ProjectConfigurationPlatforms) = postSolution
		{D82DB8D9-255C-4DCC-93AF-38A84335A357}.Debug|Any CPU.ActiveCfg = Debug|Any CPU
		{D82DB8D9-255C-4DCC-93AF-38A84335A357}.Debug|Any CPU.Build.0 = Debug|Any CPU
		{D82DB8D9-255C-4DCC-93AF-38A84335A357}.Release|Any CPU.ActiveCfg = Release|Any CPU
		{D82DB8D9-255C-4DCC-93AF-38A84335A357}.Release|Any CPU.Build.0 = Release|Any CPU
	EndGlobalSection
	GlobalSection(SolutionProperties) = preSolution
		HideSolutionNode = FALSE
	EndGlobalSection
	GlobalSection(ExtensibilityGlobals) = postSolution
		SolutionGuid = {FABA3CD8-8F76-4ED1-A2C6-927176D4C113}
	EndGlobalSection
EndGlobal
